<?xml version="1.0" encoding="utf-8"?>
<Project ToolsVersion="4.0" xmlns="http://schemas.microsoft.com/developer/msbuild/2003">
  <ItemGroup>
    <Filter Include="소스 파일">
      <UniqueIdentifier>{4FC737F1-C7A5-4376-A066-2A32D752A2FF}</UniqueIdentifier>
      <Extensions>cpp;c;cc;cxx;c++;cppm;ixx;def;odl;idl;hpj;bat;asm;asmx</Extensions>
    </Filter>
    <Filter Include="헤더 파일">
      <UniqueIdentifier>{93995380-89BD-4b04-88EB-625FBE52EBFB}</UniqueIdentifier>
      <Extensions>h;hh;hpp;hxx;h++;hm;inl;inc;ipp;xsd</Extensions>
    </Filter>
    <Filter Include="리소스 파일">
      <UniqueIdentifier>{67DA6AB6-F800-4c08-8B7A-83BB121AAD01}</UniqueIdentifier>
      <Extensions>rc;ico;cur;bmp;dlg;rc2;rct;bin;rgs;gif;jpg;jpeg;jpe;resx;tiff;tif;png;wav;mfcribbon-ms</Extensions>
    </Filter>
    <Filter Include="헤더 파일\glyphs">
      <UniqueIdentifier>{e0fdb6be-46a8-45bb-b452-ae53f1bba2c6}</UniqueIdentifier>
    </Filter>
    <Filter Include="소스 파일\glyphs">
      <UniqueIdentifier>{18466fb7-e912-47f4-8748-f1a2e687e237}</UniqueIdentifier>
    </Filter>
    <Filter Include="헤더 파일\commands">
      <UniqueIdentifier>{69cac08a-6cfd-457c-ae56-521f5d63a963}</UniqueIdentifier>
    </Filter>
    <Filter Include="소스 파일\commands">
      <UniqueIdentifier>{3dce653b-4814-4d05-8b97-a4b1b53d45b5}</UniqueIdentifier>
    </Filter>
    <Filter Include="헤더 파일\scrolls">
      <UniqueIdentifier>{12d522c4-88b0-4596-8efe-e3f6c17761d5}</UniqueIdentifier>
    </Filter>
    <Filter Include="소스 파일\scrolls">
      <UniqueIdentifier>{ed796522-ae0d-4581-8eac-7b2bbb9f9d65}</UniqueIdentifier>
    </Filter>
    <Filter Include="헤더 파일\findReplaces">
      <UniqueIdentifier>{7d1ec13c-bfe2-4a81-82bc-8c262313cc55}</UniqueIdentifier>
    </Filter>
    <Filter Include="소스 파일\findReplaces">
      <UniqueIdentifier>{2dfe9c31-f988-4ccb-bb6e-1f80ec928bc1}</UniqueIdentifier>
    </Filter>
    <Filter Include="헤더 파일\prints">
      <UniqueIdentifier>{5046ff38-c01f-476c-b33c-7879e7753d7f}</UniqueIdentifier>
    </Filter>
    <Filter Include="소스 파일\prints">
      <UniqueIdentifier>{1a2ab3e3-563c-4ec2-87d9-c3578efad857}</UniqueIdentifier>
    </Filter>
    <Filter Include="헤더 파일\mouses">
      <UniqueIdentifier>{c2bc9a1a-ec2b-47f8-b8cc-8a1e79478d0d}</UniqueIdentifier>
    </Filter>
    <Filter Include="소스 파일\mouses">
      <UniqueIdentifier>{e22403ee-f801-47f0-9983-7d788824755f}</UniqueIdentifier>
    </Filter>
    <Filter Include="헤더 파일\searches">
      <UniqueIdentifier>{06c2e7c5-bfce-4e6f-b51f-e340378f4c25}</UniqueIdentifier>
    </Filter>
    <Filter Include="소스 파일\searches">
      <UniqueIdentifier>{d2ae482a-a933-4017-8eb5-84af5e9f6071}</UniqueIdentifier>
    </Filter>
    <Filter Include="소스 파일\actions">
      <UniqueIdentifier>{c398d91b-7ea6-4cf3-8a63-7da2a96e4fc7}</UniqueIdentifier>
    </Filter>
    <Filter Include="헤더 파일\actions">
      <UniqueIdentifier>{3caa4e0c-a4d3-4a8d-b643-893006c44ca9}</UniqueIdentifier>
    </Filter>
  </ItemGroup>
  <ItemGroup>
    <ResourceCompile Include="notepad250410.rc">
      <Filter>리소스 파일</Filter>
    </ResourceCompile>
  </ItemGroup>
  <ItemGroup>
    <ClCompile Include="NotepadApp.cpp">
      <Filter>소스 파일</Filter>
    </ClCompile>
    <ClCompile Include="NotepadFrame.cpp">
      <Filter>소스 파일</Filter>
    </ClCompile>
    <ClCompile Include="NotepadForm.cpp">
      <Filter>소스 파일</Filter>
    </ClCompile>
    <ClCompile Include="StatusBarController.cpp">
      <Filter>소스 파일</Filter>
    </ClCompile>
    <ClCompile Include="glyphs\Character.cpp">
      <Filter>소스 파일\glyphs</Filter>
    </ClCompile>
    <ClCompile Include="glyphs\Composite.cpp">
      <Filter>소스 파일\glyphs</Filter>
    </ClCompile>
    <ClCompile Include="glyphs\DummyRow.cpp">
      <Filter>소스 파일\glyphs</Filter>
    </ClCompile>
    <ClCompile Include="glyphs\Glyph.cpp">
      <Filter>소스 파일\glyphs</Filter>
    </ClCompile>
    <ClCompile Include="glyphs\MultiByteCharacter.cpp">
      <Filter>소스 파일\glyphs</Filter>
    </ClCompile>
    <ClCompile Include="glyphs\Note.cpp">
      <Filter>소스 파일\glyphs</Filter>
    </ClCompile>
    <ClCompile Include="glyphs\Row.cpp">
      <Filter>소스 파일\glyphs</Filter>
    </ClCompile>
    <ClCompile Include="glyphs\SingleByteCharacter.cpp">
      <Filter>소스 파일\glyphs</Filter>
    </ClCompile>
    <ClCompile Include="glyphs\GlyphFactory.cpp">
      <Filter>소스 파일\glyphs</Filter>
    </ClCompile>
    <ClCompile Include="commands\Command.cpp">
      <Filter>소스 파일\commands</Filter>
    </ClCompile>
    <ClCompile Include="commands\CommandFactory.cpp">
      <Filter>소스 파일\commands</Filter>
    </ClCompile>
    <ClCompile Include="commands\WriteAtEndCommand.cpp">
      <Filter>소스 파일\commands</Filter>
    </ClCompile>
    <ClCompile Include="FileStreamAdapter.cpp">
      <Filter>소스 파일</Filter>
    </ClCompile>
    <ClCompile Include="EncodingDetector.cpp">
      <Filter>소스 파일</Filter>
    </ClCompile>
    <ClCompile Include="TextEncoder.cpp">
      <Filter>소스 파일</Filter>
    </ClCompile>
    <ClCompile Include="TextFileIO.cpp">
      <Filter>소스 파일</Filter>
    </ClCompile>
    <ClCompile Include="PagingBuffer.cpp">
      <Filter>소스 파일</Filter>
    </ClCompile>
    <ClCompile Include="SuspendAutoWrap.cpp">
      <Filter>소스 파일</Filter>
    </ClCompile>
    <ClCompile Include="Caret.cpp">
      <Filter>소스 파일</Filter>
    </ClCompile>
    <ClCompile Include="CaretController.cpp">
      <Filter>소스 파일</Filter>
    </ClCompile>
    <ClCompile Include="commands\InsertAtCaretCommand.cpp">
      <Filter>소스 파일\commands</Filter>
    </ClCompile>
    <ClCompile Include="commands\EraseCommand.cpp">
      <Filter>소스 파일\commands</Filter>
    </ClCompile>
    <ClCompile Include="NoteWrapper.cpp">
      <Filter>소스 파일</Filter>
    </ClCompile>
    <ClCompile Include="Scroll.cpp">
      <Filter>소스 파일</Filter>
    </ClCompile>
    <ClCompile Include="ScrollBarAnalyzer.cpp">
      <Filter>소스 파일</Filter>
    </ClCompile>
    <ClCompile Include="ScrollController.cpp">
      <Filter>소스 파일</Filter>
    </ClCompile>
    <ClCompile Include="Observer.cpp">
      <Filter>소스 파일</Filter>
    </ClCompile>
    <ClCompile Include="Subject.cpp">
      <Filter>소스 파일</Filter>
    </ClCompile>
    <ClCompile Include="scrolls\HScrollBarDragAction.cpp">
      <Filter>소스 파일\scrolls</Filter>
    </ClCompile>
    <ClCompile Include="scrolls\HScrollBarLeftClickAction.cpp">
      <Filter>소스 파일\scrolls</Filter>
    </ClCompile>
    <ClCompile Include="scrolls\HScrollBarPageLeftAction.cpp">
      <Filter>소스 파일\scrolls</Filter>
    </ClCompile>
    <ClCompile Include="scrolls\HScrollBarPageRightAction.cpp">
      <Filter>소스 파일\scrolls</Filter>
    </ClCompile>
    <ClCompile Include="scrolls\HScrollBarRightClickAction.cpp">
      <Filter>소스 파일\scrolls</Filter>
    </ClCompile>
    <ClCompile Include="scrolls\ScrollBarAction.cpp">
      <Filter>소스 파일\scrolls</Filter>
    </ClCompile>
    <ClCompile Include="scrolls\ScrollBarActionFactory.cpp">
      <Filter>소스 파일\scrolls</Filter>
    </ClCompile>
    <ClCompile Include="scrolls\VScrollBarDownClickAction.cpp">
      <Filter>소스 파일\scrolls</Filter>
    </ClCompile>
    <ClCompile Include="scrolls\VScrollBarDragAction.cpp">
      <Filter>소스 파일\scrolls</Filter>
    </ClCompile>
    <ClCompile Include="scrolls\VScrollBarPageDownAction.cpp">
      <Filter>소스 파일\scrolls</Filter>
    </ClCompile>
    <ClCompile Include="scrolls\VScrollBarPageUpAction.cpp">
      <Filter>소스 파일\scrolls</Filter>
    </ClCompile>
    <ClCompile Include="scrolls\VScrollBarUpClickAction.cpp">
      <Filter>소스 파일\scrolls</Filter>
    </ClCompile>
    <ClCompile Include="ClipboardController.cpp">
      <Filter>소스 파일</Filter>
    </ClCompile>
    <ClCompile Include="commands\PasteCommand.cpp">
      <Filter>소스 파일\commands</Filter>
    </ClCompile>
    <ClCompile Include="commands\EraseRangeCommand.cpp">
      <Filter>소스 파일\commands</Filter>
    </ClCompile>
    <ClCompile Include="commands\CutCommand.cpp">
      <Filter>소스 파일\commands</Filter>
    </ClCompile>
    <ClCompile Include="findReplaces\FindReplaceOption.cpp">
      <Filter>소스 파일\findReplaces</Filter>
    </ClCompile>
    <ClCompile Include="findReplaces\CloseFindReplaceCommand.cpp">
      <Filter>소스 파일\findReplaces</Filter>
    </ClCompile>
    <ClCompile Include="findReplaces\FindCommand.cpp">
      <Filter>소스 파일\findReplaces</Filter>
    </ClCompile>
    <ClCompile Include="findReplaces\FindNextCommand.cpp">
      <Filter>소스 파일\findReplaces</Filter>
    </ClCompile>
    <ClCompile Include="findReplaces\FindReplaceCommandFactory.cpp">
      <Filter>소스 파일\findReplaces</Filter>
    </ClCompile>
    <ClCompile Include="findReplaces\ReplaceAllCommand.cpp">
      <Filter>소스 파일\findReplaces</Filter>
    </ClCompile>
    <ClCompile Include="findReplaces\ReplaceCommand.cpp">
      <Filter>소스 파일\findReplaces</Filter>
    </ClCompile>
    <ClCompile Include="DateTime.cpp">
      <Filter>소스 파일</Filter>
    </ClCompile>
    <ClCompile Include="HistoryBook.cpp">
      <Filter>소스 파일</Filter>
    </ClCompile>
    <ClCompile Include="CaretNavigator.cpp">
      <Filter>소스 파일</Filter>
    </ClCompile>
    <ClCompile Include="prints\PageSetting.cpp">
      <Filter>소스 파일\prints</Filter>
    </ClCompile>
    <ClCompile Include="prints\PageSettingForm.cpp">
      <Filter>소스 파일\prints</Filter>
    </ClCompile>
    <ClCompile Include="prints\PageSettingLayout.cpp">
      <Filter>소스 파일\prints</Filter>
    </ClCompile>
    <ClCompile Include="prints\Paper.cpp">
      <Filter>소스 파일\prints</Filter>
    </ClCompile>
    <ClCompile Include="prints\PreviewForm.cpp">
      <Filter>소스 파일\prints</Filter>
    </ClCompile>
    <ClCompile Include="prints\PreviewLayout.cpp">
      <Filter>소스 파일\prints</Filter>
    </ClCompile>
    <ClCompile Include="prints\PreviewPaginator.cpp">
      <Filter>소스 파일\prints</Filter>
    </ClCompile>
    <ClCompile Include="prints\PrinterResource.cpp">
      <Filter>소스 파일\prints</Filter>
    </ClCompile>
    <ClCompile Include="prints\PrintRenderer.cpp">
      <Filter>소스 파일\prints</Filter>
    </ClCompile>
    <ClCompile Include="commands\ZoomInCommand.cpp">
      <Filter>소스 파일\commands</Filter>
    </ClCompile>
    <ClCompile Include="commands\ZoomOutCommand.cpp">
      <Filter>소스 파일\commands</Filter>
    </ClCompile>
    <ClCompile Include="commands\ZoomResetCommand.cpp">
      <Filter>소스 파일\commands</Filter>
    </ClCompile>
    <ClCompile Include="mouses\DragDownAction.cpp">
      <Filter>소스 파일\mouses</Filter>
    </ClCompile>
    <ClCompile Include="mouses\DragLeftAction.cpp">
      <Filter>소스 파일\mouses</Filter>
    </ClCompile>
    <ClCompile Include="mouses\DragRightAction.cpp">
      <Filter>소스 파일\mouses</Filter>
    </ClCompile>
    <ClCompile Include="mouses\DragUpAction.cpp">
      <Filter>소스 파일\mouses</Filter>
    </ClCompile>
    <ClCompile Include="mouses\MouseAction.cpp">
      <Filter>소스 파일\mouses</Filter>
    </ClCompile>
    <ClCompile Include="mouses\MouseActionFactory.cpp">
      <Filter>소스 파일\mouses</Filter>
    </ClCompile>
    <ClCompile Include="mouses\MouseCtrlWheelAction.cpp">
      <Filter>소스 파일\mouses</Filter>
    </ClCompile>
    <ClCompile Include="mouses\MouseLeftDownAction.cpp">
      <Filter>소스 파일\mouses</Filter>
    </ClCompile>
    <ClCompile Include="mouses\MouseWheelAction..cpp">
      <Filter>소스 파일\mouses</Filter>
    </ClCompile>
    <ClCompile Include="CoordinateConverter.cpp">
      <Filter>소스 파일</Filter>
    </ClCompile>
    <ClCompile Include="ByteChecker.cpp">
      <Filter>소스 파일</Filter>
    </ClCompile>
    <ClCompile Include="NoteConverter.cpp">
      <Filter>소스 파일</Filter>
    </ClCompile>
    <ClCompile Include="MouseHandler.cpp">
      <Filter>소스 파일</Filter>
    </ClCompile>
    <ClCompile Include="FilePointerCalculator.cpp">
      <Filter>소스 파일</Filter>
    </ClCompile>
    <ClCompile Include="SearchResultController.cpp">
      <Filter>소스 파일</Filter>
    </ClCompile>
    <ClCompile Include="searches\BruteForce.cpp">
      <Filter>소스 파일\searches</Filter>
    </ClCompile>
    <ClCompile Include="searches\BruteForceWhole.cpp">
      <Filter>소스 파일\searches</Filter>
    </ClCompile>
    <ClCompile Include="searches\CaseInsensitiveComparer.cpp">
      <Filter>소스 파일\searches</Filter>
    </ClCompile>
    <ClCompile Include="searches\CaseSensitiveComparer.cpp">
      <Filter>소스 파일\searches</Filter>
    </ClCompile>
    <ClCompile Include="searches\Comparer.cpp">
      <Filter>소스 파일\searches</Filter>
    </ClCompile>
    <ClCompile Include="searches\SearchingAlgorithm.cpp">
      <Filter>소스 파일\searches</Filter>
    </ClCompile>
    <ClCompile Include="searches\SearchingAlgorithmFactory.cpp">
      <Filter>소스 파일\searches</Filter>
    </ClCompile>
    <ClCompile Include="AutoScroller.cpp">
      <Filter>소스 파일</Filter>
    </ClCompile>
    <ClCompile Include="SizeCalculator.cpp">
      <Filter>소스 파일</Filter>
    </ClCompile>
    <ClCompile Include="RowCounter.cpp">
      <Filter>소스 파일</Filter>
    </ClCompile>
    <ClCompile Include="commands\MacroCommand.cpp">
      <Filter>소스 파일\commands</Filter>
    </ClCompile>
    <ClCompile Include="SelectionVisitor.cpp">
      <Filter>소스 파일</Filter>
    </ClCompile>
    <ClCompile Include="TextOutVisitor.cpp">
      <Filter>소스 파일</Filter>
    </ClCompile>
    <ClCompile Include="Visitor.cpp">
      <Filter>소스 파일</Filter>
    </ClCompile>
    <ClCompile Include="commands\OpenFindDialogCommand.cpp">
      <Filter>소스 파일\commands</Filter>
    </ClCompile>
    <ClCompile Include="commands\OpenReplaceDialogCommand.cpp">
      <Filter>소스 파일\commands</Filter>
    </ClCompile>
    <ClCompile Include="commands\PreviewCommand.cpp">
      <Filter>소스 파일\commands</Filter>
    </ClCompile>
    <ClCompile Include="commands\PrintCommand.cpp">
      <Filter>소스 파일\commands</Filter>
    </ClCompile>
    <ClCompile Include="commands\RedoCommand.cpp">
      <Filter>소스 파일\commands</Filter>
    </ClCompile>
    <ClCompile Include="commands\SetPageCommand.cpp">
      <Filter>소스 파일\commands</Filter>
    </ClCompile>
    <ClCompile Include="commands\UndoCommand.cpp">
      <Filter>소스 파일\commands</Filter>
    </ClCompile>
    <ClCompile Include="WritingModeSelector.cpp">
      <Filter>소스 파일</Filter>
    </ClCompile>
    <ClCompile Include="actions\Ctrl0Action.cpp">
      <Filter>소스 파일\actions</Filter>
    </ClCompile>
    <ClCompile Include="actions\SelectAllAction.cpp">
      <Filter>소스 파일\actions</Filter>
    </ClCompile>
    <ClCompile Include="actions\MoveDocRearAction.cpp">
      <Filter>소스 파일\actions</Filter>
    </ClCompile>
    <ClCompile Include="actions\CtrlFAction.cpp">
      <Filter>소스 파일\actions</Filter>
    </ClCompile>
    <ClCompile Include="actions\CtrlHAction.cpp">
      <Filter>소스 파일\actions</Filter>
    </ClCompile>
    <ClCompile Include="actions\MoveDocFrontAction.cpp">
      <Filter>소스 파일\actions</Filter>
    </ClCompile>
    <ClCompile Include="actions\MoveWordLeftAction.cpp">
      <Filter>소스 파일\actions</Filter>
    </ClCompile>
    <ClCompile Include="actions\CtrlMinusAction.cpp">
      <Filter>소스 파일\actions</Filter>
    </ClCompile>
    <ClCompile Include="actions\CtrlPageDownAction.cpp">
      <Filter>소스 파일\actions</Filter>
    </ClCompile>
    <ClCompile Include="actions\CtrlPageUpAction.cpp">
      <Filter>소스 파일\actions</Filter>
    </ClCompile>
    <ClCompile Include="actions\CtrlPlusAction.cpp">
      <Filter>소스 파일\actions</Filter>
    </ClCompile>
    <ClCompile Include="actions\MoveWordRightAction.cpp">
      <Filter>소스 파일\actions</Filter>
    </ClCompile>
    <ClCompile Include="actions\SelectDocRearAction.cpp">
      <Filter>소스 파일\actions</Filter>
    </ClCompile>
    <ClCompile Include="actions\SelectDocFrontAction.cpp">
      <Filter>소스 파일\actions</Filter>
    </ClCompile>
    <ClCompile Include="actions\SelectWordLeftAction.cpp">
      <Filter>소스 파일\actions</Filter>
    </ClCompile>
    <ClCompile Include="actions\SelectWordRightAction.cpp">
      <Filter>소스 파일\actions</Filter>
    </ClCompile>
    <ClCompile Include="actions\CtrlVAction.cpp">
      <Filter>소스 파일\actions</Filter>
    </ClCompile>
    <ClCompile Include="actions\CtrlXAction.cpp">
      <Filter>소스 파일\actions</Filter>
    </ClCompile>
    <ClCompile Include="actions\CtrlYAction.cpp">
      <Filter>소스 파일\actions</Filter>
    </ClCompile>
    <ClCompile Include="actions\CtrlZAction.cpp">
      <Filter>소스 파일\actions</Filter>
    </ClCompile>
    <ClCompile Include="actions\MoveDownAction.cpp">
      <Filter>소스 파일\actions</Filter>
    </ClCompile>
    <ClCompile Include="actions\MoveLineRearAction.cpp">
      <Filter>소스 파일\actions</Filter>
    </ClCompile>
    <ClCompile Include="actions\MoveLineFrontAction.cpp">
      <Filter>소스 파일\actions</Filter>
    </ClCompile>
    <ClCompile Include="actions\KeyAction.cpp">
      <Filter>소스 파일\actions</Filter>
    </ClCompile>
    <ClCompile Include="actions\KeyActionFactory.cpp">
      <Filter>소스 파일\actions</Filter>
    </ClCompile>
    <ClCompile Include="actions\MoveLeftAction.cpp">
      <Filter>소스 파일\actions</Filter>
    </ClCompile>
    <ClCompile Include="actions\MovePageDownAction.cpp">
      <Filter>소스 파일\actions</Filter>
    </ClCompile>
    <ClCompile Include="actions\MovePageUpAction.cpp">
      <Filter>소스 파일\actions</Filter>
    </ClCompile>
    <ClCompile Include="actions\MoveRightAction.cpp">
      <Filter>소스 파일\actions</Filter>
    </ClCompile>
    <ClCompile Include="actions\SelectDownAction.cpp">
      <Filter>소스 파일\actions</Filter>
    </ClCompile>
    <ClCompile Include="actions\SelectLineRearAction.cpp">
      <Filter>소스 파일\actions</Filter>
    </ClCompile>
    <ClCompile Include="actions\SelectLineFrontAction.cpp">
      <Filter>소스 파일\actions</Filter>
    </ClCompile>
    <ClCompile Include="actions\SelectLeftAction.cpp">
      <Filter>소스 파일\actions</Filter>
    </ClCompile>
    <ClCompile Include="actions\SelectPageDownAction.cpp">
      <Filter>소스 파일\actions</Filter>
    </ClCompile>
    <ClCompile Include="actions\SelectPageUpAction.cpp">
      <Filter>소스 파일\actions</Filter>
    </ClCompile>
    <ClCompile Include="actions\SelectRightAction.cpp">
      <Filter>소스 파일\actions</Filter>
    </ClCompile>
    <ClCompile Include="actions\SelectUpAction.cpp">
      <Filter>소스 파일\actions</Filter>
    </ClCompile>
    <ClCompile Include="actions\MoveUpAction.cpp">
      <Filter>소스 파일\actions</Filter>
    </ClCompile>
    <ClCompile Include="actions\NewAction.cpp">
      <Filter>소스 파일\actions</Filter>
    </ClCompile>
    <ClCompile Include="actions\Action.cpp">
      <Filter>소스 파일\actions</Filter>
    </ClCompile>
    <ClCompile Include="actions\ActionFactory.cpp">
      <Filter>소스 파일\actions</Filter>
    </ClCompile>
    <ClCompile Include="KeyDownInterpreter.cpp">
      <Filter>소스 파일</Filter>
    </ClCompile>
    <ClCompile Include="actions\NewWIndowAction.cpp">
      <Filter>소스 파일\actions</Filter>
    </ClCompile>
    <ClCompile Include="actions\OpenAction.cpp">
      <Filter>소스 파일\actions</Filter>
    </ClCompile>
    <ClCompile Include="actions\SaveAction.cpp">
      <Filter>소스 파일\actions</Filter>
    </ClCompile>
    <ClCompile Include="MenuInterpreter.cpp">
      <Filter>소스 파일</Filter>
    </ClCompile>
    <ClCompile Include="PageLoader.cpp">
      <Filter>소스 파일</Filter>
    </ClCompile>
    <ClCompile Include="actions\SaveAsAction.cpp">
      <Filter>소스 파일\actions</Filter>
    </ClCompile>
    <ClCompile Include="actions\ChangeFontAction.cpp">
      <Filter>소스 파일\actions</Filter>
    </ClCompile>
    <ClCompile Include="actions\AutoWrapAction.cpp">
      <Filter>소스 파일\actions</Filter>
    </ClCompile>
    <ClCompile Include="actions\CopyAction.cpp">
      <Filter>소스 파일\actions</Filter>
    </ClCompile>
  </ItemGroup>
  <ItemGroup>
    <ClInclude Include="NotepadApp.h">
      <Filter>헤더 파일</Filter>
    </ClInclude>
    <ClInclude Include="NotepadFrame.h">
      <Filter>헤더 파일</Filter>
    </ClInclude>
    <ClInclude Include="NotepadForm.h">
      <Filter>헤더 파일</Filter>
    </ClInclude>
    <ClInclude Include="StatusBarController.h">
      <Filter>헤더 파일</Filter>
    </ClInclude>
    <ClInclude Include="glyphs\Character.h">
      <Filter>헤더 파일\glyphs</Filter>
    </ClInclude>
    <ClInclude Include="glyphs\Composite.h">
      <Filter>헤더 파일\glyphs</Filter>
    </ClInclude>
    <ClInclude Include="glyphs\DummyRow.h">
      <Filter>헤더 파일\glyphs</Filter>
    </ClInclude>
    <ClInclude Include="glyphs\Glyph.h">
      <Filter>헤더 파일\glyphs</Filter>
    </ClInclude>
    <ClInclude Include="glyphs\MultiByteCharacter.h">
      <Filter>헤더 파일\glyphs</Filter>
    </ClInclude>
    <ClInclude Include="glyphs\Note.h">
      <Filter>헤더 파일\glyphs</Filter>
    </ClInclude>
    <ClInclude Include="glyphs\Row.h">
      <Filter>헤더 파일\glyphs</Filter>
    </ClInclude>
    <ClInclude Include="glyphs\SingleByteCharacter.h">
      <Filter>헤더 파일\glyphs</Filter>
    </ClInclude>
    <ClInclude Include="glyphs\GlyphFactory.h">
      <Filter>헤더 파일\glyphs</Filter>
    </ClInclude>
    <ClInclude Include="commands\Command.h">
      <Filter>헤더 파일\commands</Filter>
    </ClInclude>
    <ClInclude Include="commands\CommandFactory.h">
      <Filter>헤더 파일\commands</Filter>
    </ClInclude>
    <ClInclude Include="commands\WriteAtEndCommand.h">
      <Filter>헤더 파일\commands</Filter>
    </ClInclude>
    <ClInclude Include="FileStreamAdapter.h">
      <Filter>헤더 파일</Filter>
    </ClInclude>
    <ClInclude Include="EncodingDetector.h">
      <Filter>헤더 파일</Filter>
    </ClInclude>
    <ClInclude Include="Encoding.h">
      <Filter>헤더 파일</Filter>
    </ClInclude>
    <ClInclude Include="TextEncoder.h">
      <Filter>헤더 파일</Filter>
    </ClInclude>
    <ClInclude Include="TextFileIO.h">
      <Filter>헤더 파일</Filter>
    </ClInclude>
    <ClInclude Include="PagingBuffer.h">
      <Filter>헤더 파일</Filter>
    </ClInclude>
    <ClInclude Include="SuspendAutoWrap.h">
      <Filter>헤더 파일</Filter>
    </ClInclude>
    <ClInclude Include="Caret.h">
      <Filter>헤더 파일</Filter>
    </ClInclude>
    <ClInclude Include="CaretController.h">
      <Filter>헤더 파일</Filter>
    </ClInclude>
    <ClInclude Include="Array.h">
      <Filter>헤더 파일</Filter>
    </ClInclude>
    <ClInclude Include="commands\InsertAtCaretCommand.h">
      <Filter>헤더 파일\commands</Filter>
    </ClInclude>
    <ClInclude Include="commands\EraseCommand.h">
      <Filter>헤더 파일\commands</Filter>
    </ClInclude>
    <ClInclude Include="NoteWrapper.h">
      <Filter>헤더 파일</Filter>
    </ClInclude>
    <ClInclude Include="Scroll.h">
      <Filter>헤더 파일</Filter>
    </ClInclude>
    <ClInclude Include="ScrollBarAnalyzer.h">
      <Filter>헤더 파일</Filter>
    </ClInclude>
    <ClInclude Include="ScrollController.h">
      <Filter>헤더 파일</Filter>
    </ClInclude>
    <ClInclude Include="Subject.h">
      <Filter>헤더 파일</Filter>
    </ClInclude>
    <ClInclude Include="Observer.h">
      <Filter>헤더 파일</Filter>
    </ClInclude>
    <ClInclude Include="scrolls\HScrollBarDragAction.h">
      <Filter>헤더 파일\scrolls</Filter>
    </ClInclude>
    <ClInclude Include="scrolls\HScrollBarLeftClickAction.h">
      <Filter>헤더 파일\scrolls</Filter>
    </ClInclude>
    <ClInclude Include="scrolls\HScrollBarPageLeftAction.h">
      <Filter>헤더 파일\scrolls</Filter>
    </ClInclude>
    <ClInclude Include="scrolls\HScrollBarPageRightAction.h">
      <Filter>헤더 파일\scrolls</Filter>
    </ClInclude>
    <ClInclude Include="scrolls\HScrollBarRightClickAction.h">
      <Filter>헤더 파일\scrolls</Filter>
    </ClInclude>
    <ClInclude Include="scrolls\ScrollBarAction.h">
      <Filter>헤더 파일\scrolls</Filter>
    </ClInclude>
    <ClInclude Include="scrolls\ScrollBarActionFactory.h">
      <Filter>헤더 파일\scrolls</Filter>
    </ClInclude>
    <ClInclude Include="scrolls\VScrollBarDownClickAction.h">
      <Filter>헤더 파일\scrolls</Filter>
    </ClInclude>
    <ClInclude Include="scrolls\VScrollBarDragAction.h">
      <Filter>헤더 파일\scrolls</Filter>
    </ClInclude>
    <ClInclude Include="scrolls\VScrollBarPageDownAction.h">
      <Filter>헤더 파일\scrolls</Filter>
    </ClInclude>
    <ClInclude Include="scrolls\VScrollBarPageUpAction.h">
      <Filter>헤더 파일\scrolls</Filter>
    </ClInclude>
    <ClInclude Include="scrolls\VScrollBarUpClickAction.h">
      <Filter>헤더 파일\scrolls</Filter>
    </ClInclude>
    <ClInclude Include="ClipboardController.h">
      <Filter>헤더 파일</Filter>
    </ClInclude>
    <ClInclude Include="commands\PasteCommand.h">
      <Filter>헤더 파일\commands</Filter>
    </ClInclude>
    <ClInclude Include="commands\EraseRangeCommand.h">
      <Filter>헤더 파일\commands</Filter>
    </ClInclude>
    <ClInclude Include="commands\CutCommand.h">
      <Filter>헤더 파일\commands</Filter>
    </ClInclude>
    <ClInclude Include="SearchResultController.h">
      <Filter>헤더 파일</Filter>
    </ClInclude>
    <ClInclude Include="findReplaces\FindReplaceOption.h">
      <Filter>헤더 파일\findReplaces</Filter>
    </ClInclude>
    <ClInclude Include="findReplaces\CloseFindReplaceCommand.h">
      <Filter>헤더 파일\findReplaces</Filter>
    </ClInclude>
    <ClInclude Include="findReplaces\FindCommand.h">
      <Filter>헤더 파일\findReplaces</Filter>
    </ClInclude>
    <ClInclude Include="findReplaces\FindNextCommand.h">
      <Filter>헤더 파일\findReplaces</Filter>
    </ClInclude>
    <ClInclude Include="findReplaces\FindReplaceCommandFactory.h">
      <Filter>헤더 파일\findReplaces</Filter>
    </ClInclude>
    <ClInclude Include="findReplaces\ReplaceAllCommand.h">
      <Filter>헤더 파일\findReplaces</Filter>
    </ClInclude>
    <ClInclude Include="findReplaces\ReplaceCommand.h">
      <Filter>헤더 파일\findReplaces</Filter>
    </ClInclude>
    <ClInclude Include="DropOldestStack.h">
      <Filter>헤더 파일</Filter>
    </ClInclude>
    <ClInclude Include="HistoryBook.h">
      <Filter>헤더 파일</Filter>
    </ClInclude>
    <ClInclude Include="DateTime.h">
      <Filter>헤더 파일</Filter>
    </ClInclude>
    <ClInclude Include="CaretNavigator.h">
      <Filter>헤더 파일</Filter>
    </ClInclude>
    <ClInclude Include="message.h">
      <Filter>헤더 파일</Filter>
    </ClInclude>
    <ClInclude Include="prints\PageSetting.h">
      <Filter>헤더 파일\prints</Filter>
    </ClInclude>
    <ClInclude Include="prints\PageSettingForm.h">
      <Filter>헤더 파일\prints</Filter>
    </ClInclude>
    <ClInclude Include="prints\PageSettingLayout.h">
      <Filter>헤더 파일\prints</Filter>
    </ClInclude>
    <ClInclude Include="prints\Paper.h">
      <Filter>헤더 파일\prints</Filter>
    </ClInclude>
    <ClInclude Include="prints\PreviewForm.h">
      <Filter>헤더 파일\prints</Filter>
    </ClInclude>
    <ClInclude Include="prints\PreviewLayout.h">
      <Filter>헤더 파일\prints</Filter>
    </ClInclude>
    <ClInclude Include="prints\PreviewPaginator.h">
      <Filter>헤더 파일\prints</Filter>
    </ClInclude>
    <ClInclude Include="prints\PrinterResource.h">
      <Filter>헤더 파일\prints</Filter>
    </ClInclude>
    <ClInclude Include="prints\PrintRenderer.h">
      <Filter>헤더 파일\prints</Filter>
    </ClInclude>
    <ClInclude Include="commands\ZoomInCommand.h">
      <Filter>헤더 파일\commands</Filter>
    </ClInclude>
    <ClInclude Include="commands\ZoomOutCommand.h">
      <Filter>헤더 파일\commands</Filter>
    </ClInclude>
    <ClInclude Include="commands\ZoomResetCommand.h">
      <Filter>헤더 파일\commands</Filter>
    </ClInclude>
    <ClInclude Include="mouses\DragDownAction.h">
      <Filter>헤더 파일\mouses</Filter>
    </ClInclude>
    <ClInclude Include="mouses\DragLeftAction.h">
      <Filter>헤더 파일\mouses</Filter>
    </ClInclude>
    <ClInclude Include="mouses\DragRightAction.h">
      <Filter>헤더 파일\mouses</Filter>
    </ClInclude>
    <ClInclude Include="mouses\DragUpAction.h">
      <Filter>헤더 파일\mouses</Filter>
    </ClInclude>
    <ClInclude Include="mouses\MouseAction.h">
      <Filter>헤더 파일\mouses</Filter>
    </ClInclude>
    <ClInclude Include="mouses\MouseActionFactory.h">
      <Filter>헤더 파일\mouses</Filter>
    </ClInclude>
    <ClInclude Include="mouses\MouseCtrlWheelAction.h">
      <Filter>헤더 파일\mouses</Filter>
    </ClInclude>
    <ClInclude Include="mouses\MouseLeftDownAction.h">
      <Filter>헤더 파일\mouses</Filter>
    </ClInclude>
    <ClInclude Include="mouses\MouseWheelAction.h">
      <Filter>헤더 파일\mouses</Filter>
    </ClInclude>
    <ClInclude Include="CoordinateConverter.h">
      <Filter>헤더 파일</Filter>
    </ClInclude>
    <ClInclude Include="ByteChecker.h">
      <Filter>헤더 파일</Filter>
    </ClInclude>
    <ClInclude Include="NoteConverter.h">
      <Filter>헤더 파일</Filter>
    </ClInclude>
    <ClInclude Include="MouseHandler.h">
      <Filter>헤더 파일</Filter>
    </ClInclude>
    <ClInclude Include="FilePointerCalculator.h">
      <Filter>헤더 파일</Filter>
    </ClInclude>
    <ClInclude Include="searches\BruteForce.h">
      <Filter>헤더 파일\searches</Filter>
    </ClInclude>
    <ClInclude Include="searches\BruteForceWhole.h">
      <Filter>헤더 파일\searches</Filter>
    </ClInclude>
    <ClInclude Include="searches\CaseInsensitiveComparer.h">
      <Filter>헤더 파일\searches</Filter>
    </ClInclude>
    <ClInclude Include="searches\CaseSensitiveComparer.h">
      <Filter>헤더 파일\searches</Filter>
    </ClInclude>
    <ClInclude Include="searches\Comparer.h">
      <Filter>헤더 파일\searches</Filter>
    </ClInclude>
    <ClInclude Include="searches\SearchingAlgorithm.h">
      <Filter>헤더 파일\searches</Filter>
    </ClInclude>
    <ClInclude Include="searches\SearchingAlgorithmFactory.h">
      <Filter>헤더 파일\searches</Filter>
    </ClInclude>
    <ClInclude Include="AutoScroller.h">
      <Filter>헤더 파일</Filter>
    </ClInclude>
    <ClInclude Include="SizeCalculator.h">
      <Filter>헤더 파일</Filter>
    </ClInclude>
    <ClInclude Include="RowCounter.h">
      <Filter>헤더 파일</Filter>
    </ClInclude>
    <ClInclude Include="commands\MacroCommand.h">
      <Filter>헤더 파일\commands</Filter>
    </ClInclude>
    <ClInclude Include="SelectionVisitor.h">
      <Filter>헤더 파일</Filter>
    </ClInclude>
    <ClInclude Include="TextOutVisitor.h">
      <Filter>헤더 파일</Filter>
    </ClInclude>
    <ClInclude Include="Visitor.h">
      <Filter>헤더 파일</Filter>
    </ClInclude>
    <ClInclude Include="commands\OpenFindDialogCommand.h">
      <Filter>헤더 파일\commands</Filter>
    </ClInclude>
    <ClInclude Include="commands\OpenReplaceDialogCommand.h">
      <Filter>헤더 파일\commands</Filter>
    </ClInclude>
    <ClInclude Include="commands\PreviewCommand.h">
      <Filter>헤더 파일\commands</Filter>
    </ClInclude>
    <ClInclude Include="commands\PrintCommand.h">
      <Filter>헤더 파일\commands</Filter>
    </ClInclude>
    <ClInclude Include="commands\RedoCommand.h">
      <Filter>헤더 파일\commands</Filter>
    </ClInclude>
    <ClInclude Include="commands\SetPageCommand.h">
      <Filter>헤더 파일\commands</Filter>
    </ClInclude>
    <ClInclude Include="commands\UndoCommand.h">
      <Filter>헤더 파일\commands</Filter>
    </ClInclude>
    <ClInclude Include="WritingModeSelector.h">
      <Filter>헤더 파일</Filter>
    </ClInclude>
    <ClInclude Include="resource.h">
      <Filter>헤더 파일</Filter>
    </ClInclude>
    <ClInclude Include="OpenAction.h">
      <Filter>헤더 파일</Filter>
    </ClInclude>
    <ClInclude Include="actions\Ctrl0Action.h">
      <Filter>헤더 파일\actions</Filter>
    </ClInclude>
    <ClInclude Include="actions\SelectAllAction.h">
      <Filter>헤더 파일\actions</Filter>
    </ClInclude>
    <ClInclude Include="actions\MoveDocRearAction.h">
      <Filter>헤더 파일\actions</Filter>
    </ClInclude>
    <ClInclude Include="actions\CtrlFAction.h">
      <Filter>헤더 파일\actions</Filter>
    </ClInclude>
    <ClInclude Include="actions\CtrlHAction.h">
      <Filter>헤더 파일\actions</Filter>
    </ClInclude>
    <ClInclude Include="actions\MoveDocFrontAction.h">
      <Filter>헤더 파일\actions</Filter>
    </ClInclude>
    <ClInclude Include="actions\MoveWordLeftAction.h">
      <Filter>헤더 파일\actions</Filter>
    </ClInclude>
    <ClInclude Include="actions\CtrlMinusAction.h">
      <Filter>헤더 파일\actions</Filter>
    </ClInclude>
    <ClInclude Include="actions\CtrlPageDownAction.h">
      <Filter>헤더 파일\actions</Filter>
    </ClInclude>
    <ClInclude Include="actions\CtrlPageUpAction.h">
      <Filter>헤더 파일\actions</Filter>
    </ClInclude>
    <ClInclude Include="actions\CtrlPlusAction.h">
      <Filter>헤더 파일\actions</Filter>
    </ClInclude>
    <ClInclude Include="actions\MoveWordRightAction.h">
      <Filter>헤더 파일\actions</Filter>
    </ClInclude>
    <ClInclude Include="actions\SelectDocRearAction.h">
      <Filter>헤더 파일\actions</Filter>
    </ClInclude>
    <ClInclude Include="actions\SelectDocFrontAction.h">
      <Filter>헤더 파일\actions</Filter>
    </ClInclude>
    <ClInclude Include="actions\SelectWordLeftAction.h">
      <Filter>헤더 파일\actions</Filter>
    </ClInclude>
    <ClInclude Include="actions\SelectWordRightAction.h">
      <Filter>헤더 파일\actions</Filter>
    </ClInclude>
    <ClInclude Include="actions\CtrlVAction.h">
      <Filter>헤더 파일\actions</Filter>
    </ClInclude>
    <ClInclude Include="actions\CtrlXAction.h">
      <Filter>헤더 파일\actions</Filter>
    </ClInclude>
    <ClInclude Include="actions\CtrlYAction.h">
      <Filter>헤더 파일\actions</Filter>
    </ClInclude>
    <ClInclude Include="actions\CtrlZAction.h">
      <Filter>헤더 파일\actions</Filter>
    </ClInclude>
    <ClInclude Include="actions\MoveDownAction.h">
      <Filter>헤더 파일\actions</Filter>
    </ClInclude>
    <ClInclude Include="actions\MoveLineRearAction.h">
      <Filter>헤더 파일\actions</Filter>
    </ClInclude>
    <ClInclude Include="actions\MoveLineFrontAction.h">
      <Filter>헤더 파일\actions</Filter>
    </ClInclude>
    <ClInclude Include="actions\KeyAction.h">
      <Filter>헤더 파일\actions</Filter>
    </ClInclude>
    <ClInclude Include="actions\KeyActionFactory.h">
      <Filter>헤더 파일\actions</Filter>
    </ClInclude>
    <ClInclude Include="actions\MoveLeftAction.h">
      <Filter>헤더 파일\actions</Filter>
    </ClInclude>
    <ClInclude Include="actions\MovePageDownAction.h">
      <Filter>헤더 파일\actions</Filter>
    </ClInclude>
    <ClInclude Include="actions\MovePageUpAction.h">
      <Filter>헤더 파일\actions</Filter>
    </ClInclude>
    <ClInclude Include="actions\MoveRightAction.h">
      <Filter>헤더 파일\actions</Filter>
    </ClInclude>
    <ClInclude Include="actions\SelectDownAction.h">
      <Filter>헤더 파일\actions</Filter>
    </ClInclude>
    <ClInclude Include="actions\SelectLineRearAction.h">
      <Filter>헤더 파일\actions</Filter>
    </ClInclude>
    <ClInclude Include="actions\SelectLineFrontAction.h">
      <Filter>헤더 파일\actions</Filter>
    </ClInclude>
    <ClInclude Include="actions\SelectLeftAction.h">
      <Filter>헤더 파일\actions</Filter>
    </ClInclude>
    <ClInclude Include="actions\SelectPageDownAction.h">
      <Filter>헤더 파일\actions</Filter>
    </ClInclude>
    <ClInclude Include="actions\SelectPageUpAction.h">
      <Filter>헤더 파일\actions</Filter>
    </ClInclude>
    <ClInclude Include="actions\SelectRightAction.h">
      <Filter>헤더 파일\actions</Filter>
    </ClInclude>
    <ClInclude Include="actions\SelectUpAction.h">
      <Filter>헤더 파일\actions</Filter>
    </ClInclude>
    <ClInclude Include="actions\MoveUpAction.h">
      <Filter>헤더 파일\actions</Filter>
    </ClInclude>
    <ClInclude Include="actions\NewAction.h">
      <Filter>헤더 파일\actions</Filter>
    </ClInclude>
    <ClInclude Include="actions\Action.h">
      <Filter>헤더 파일\actions</Filter>
    </ClInclude>
    <ClInclude Include="actions\ActionFactory.h">
      <Filter>헤더 파일\actions</Filter>
    </ClInclude>
    <ClInclude Include="KeyDownInterpreter.h">
      <Filter>헤더 파일</Filter>
    </ClInclude>
    <ClInclude Include="actions\NewWindowAction.h">
      <Filter>헤더 파일\actions</Filter>
    </ClInclude>
    <ClInclude Include="actions\OpenAction.h">
      <Filter>헤더 파일\actions</Filter>
    </ClInclude>
    <ClInclude Include="actions\SaveAction.h">
      <Filter>헤더 파일\actions</Filter>
    </ClInclude>
    <ClInclude Include="AppID.h">
      <Filter>헤더 파일</Filter>
    </ClInclude>
    <ClInclude Include="MenuInterpreter.h">
      <Filter>헤더 파일</Filter>
    </ClInclude>
    <ClInclude Include="PageLoader.h">
      <Filter>헤더 파일</Filter>
    </ClInclude>
    <ClInclude Include="actions\SaveAsAction.h">
      <Filter>헤더 파일\actions</Filter>
    </ClInclude>
    <ClInclude Include="actions\ChangeFontAction.h">
      <Filter>헤더 파일\actions</Filter>
    </ClInclude>
    <ClInclude Include="actions\AutoWrapAction.h">
      <Filter>헤더 파일\actions</Filter>
    </ClInclude>
    <ClInclude Include="actions\CopyAction.h">
      <Filter>헤더 파일\actions</Filter>
    </ClInclude>
  </ItemGroup>
</Project>