<?xml version="1.0" encoding="utf-8"?>
<Project ToolsVersion="4.0" xmlns="http://schemas.microsoft.com/developer/msbuild/2003">
  <ItemGroup>
    <Filter Include="소스 파일">
      <UniqueIdentifier>{4FC737F1-C7A5-4376-A066-2A32D752A2FF}</UniqueIdentifier>
      <Extensions>cpp;c;cc;cxx;c++;cppm;ixx;def;odl;idl;hpj;bat;asm;asmx</Extensions>
    </Filter>
    <Filter Include="헤더 파일">
      <UniqueIdentifier>{93995380-89BD-4b04-88EB-625FBE52EBFB}</UniqueIdentifier>
      <Extensions>h;hh;hpp;hxx;h++;hm;inl;inc;ipp;xsd</Extensions>
    </Filter>
    <Filter Include="리소스 파일">
      <UniqueIdentifier>{67DA6AB6-F800-4c08-8B7A-83BB121AAD01}</UniqueIdentifier>
      <Extensions>rc;ico;cur;bmp;dlg;rc2;rct;bin;rgs;gif;jpg;jpeg;jpe;resx;tiff;tif;png;wav;mfcribbon-ms</Extensions>
    </Filter>
  </ItemGroup>
  <ItemGroup>
    <ResourceCompile Include="notepad250410.rc">
      <Filter>리소스 파일</Filter>
    </ResourceCompile>
  </ItemGroup>
  <ItemGroup>
    <ClInclude Include="Array.h">
      <Filter>헤더 파일</Filter>
    </ClInclude>
    <ClInclude Include="AutoWrapCommand.h">
      <Filter>헤더 파일</Filter>
    </ClInclude>
    <ClInclude Include="BackspaceAction.h">
      <Filter>헤더 파일</Filter>
    </ClInclude>
    <ClInclude Include="Caret.h">
      <Filter>헤더 파일</Filter>
    </ClInclude>
    <ClInclude Include="CaretController.h">
      <Filter>헤더 파일</Filter>
    </ClInclude>
    <ClInclude Include="Character.h">
      <Filter>헤더 파일</Filter>
    </ClInclude>
    <ClInclude Include="Command.h">
      <Filter>헤더 파일</Filter>
    </ClInclude>
    <ClInclude Include="CommandFactory.h">
      <Filter>헤더 파일</Filter>
    </ClInclude>
    <ClInclude Include="Composite.h">
      <Filter>헤더 파일</Filter>
    </ClInclude>
    <ClInclude Include="CtrlEndAction.h">
      <Filter>헤더 파일</Filter>
    </ClInclude>
    <ClInclude Include="CtrlHomeAction.h">
      <Filter>헤더 파일</Filter>
    </ClInclude>
    <ClInclude Include="CtrlLeftAction.h">
      <Filter>헤더 파일</Filter>
    </ClInclude>
    <ClInclude Include="CtrlRightAction.h">
      <Filter>헤더 파일</Filter>
    </ClInclude>
    <ClInclude Include="CtrlShiftTAction.h">
      <Filter>헤더 파일</Filter>
    </ClInclude>
    <ClInclude Include="CtrlTAction.h">
      <Filter>헤더 파일</Filter>
    </ClInclude>
    <ClInclude Include="DownArrowAction.h">
      <Filter>헤더 파일</Filter>
    </ClInclude>
    <ClInclude Include="DummyRow.h">
      <Filter>헤더 파일</Filter>
    </ClInclude>
    <ClInclude Include="EndAction.h">
      <Filter>헤더 파일</Filter>
    </ClInclude>
    <ClInclude Include="EraseCommand.h">
      <Filter>헤더 파일</Filter>
    </ClInclude>
    <ClInclude Include="Font.h">
      <Filter>헤더 파일</Filter>
    </ClInclude>
    <ClInclude Include="Glyph.h">
      <Filter>헤더 파일</Filter>
    </ClInclude>
    <ClInclude Include="GlyphFactory.h">
      <Filter>헤더 파일</Filter>
    </ClInclude>
    <ClInclude Include="HomeAction.h">
      <Filter>헤더 파일</Filter>
    </ClInclude>
    <ClInclude Include="InsertAtCaretCommand.h">
      <Filter>헤더 파일</Filter>
    </ClInclude>
    <ClInclude Include="KeyAction.h">
      <Filter>헤더 파일</Filter>
    </ClInclude>
    <ClInclude Include="KeyActionFactory.h">
      <Filter>헤더 파일</Filter>
    </ClInclude>
    <ClInclude Include="LeftArrowAction.h">
      <Filter>헤더 파일</Filter>
    </ClInclude>
    <ClInclude Include="MultiByteCharacter.h">
      <Filter>헤더 파일</Filter>
    </ClInclude>
    <ClInclude Include="NewCommand.h">
      <Filter>헤더 파일</Filter>
    </ClInclude>
    <ClInclude Include="Note.h">
      <Filter>헤더 파일</Filter>
    </ClInclude>
    <ClInclude Include="NoteConverter.h">
      <Filter>헤더 파일</Filter>
    </ClInclude>
    <ClInclude Include="NotepadForm.h">
      <Filter>헤더 파일</Filter>
    </ClInclude>
    <ClInclude Include="NoteWrapper.h">
      <Filter>헤더 파일</Filter>
    </ClInclude>
    <ClInclude Include="Observer.h">
      <Filter>헤더 파일</Filter>
    </ClInclude>
    <ClInclude Include="OpenCommand.h">
      <Filter>헤더 파일</Filter>
    </ClInclude>
    <ClInclude Include="resource.h">
      <Filter>헤더 파일</Filter>
    </ClInclude>
    <ClInclude Include="RightArrowAction.h">
      <Filter>헤더 파일</Filter>
    </ClInclude>
    <ClInclude Include="Row.h">
      <Filter>헤더 파일</Filter>
    </ClInclude>
    <ClInclude Include="SaveCommand.h">
      <Filter>헤더 파일</Filter>
    </ClInclude>
    <ClInclude Include="SelectFontCommand.h">
      <Filter>헤더 파일</Filter>
    </ClInclude>
    <ClInclude Include="SingleByteCharacter.h">
      <Filter>헤더 파일</Filter>
    </ClInclude>
    <ClInclude Include="SizeCalculator.h">
      <Filter>헤더 파일</Filter>
    </ClInclude>
    <ClInclude Include="Subject.h">
      <Filter>헤더 파일</Filter>
    </ClInclude>
    <ClInclude Include="UpArrowAction.h">
      <Filter>헤더 파일</Filter>
    </ClInclude>
    <ClInclude Include="WriteAtEndCommand.h">
      <Filter>헤더 파일</Filter>
    </ClInclude>
    <ClInclude Include="Action.h">
      <Filter>헤더 파일</Filter>
    </ClInclude>
    <ClInclude Include="ScrollBarAction.h">
      <Filter>헤더 파일</Filter>
    </ClInclude>
    <ClInclude Include="VScrollBarUpClickAction.h">
      <Filter>헤더 파일</Filter>
    </ClInclude>
    <ClInclude Include="VScrollBarDownClickAction.h">
      <Filter>헤더 파일</Filter>
    </ClInclude>
    <ClInclude Include="ScrollBarActionFactory.h">
      <Filter>헤더 파일</Filter>
    </ClInclude>
    <ClInclude Include="VScrollBarPageUpAction.h">
      <Filter>헤더 파일</Filter>
    </ClInclude>
    <ClInclude Include="VScrollBarPageDownAction.h">
      <Filter>헤더 파일</Filter>
    </ClInclude>
    <ClInclude Include="VScrollBarDragAction.h">
      <Filter>헤더 파일</Filter>
    </ClInclude>
    <ClInclude Include="HScrollBarLeftClickAction.h">
      <Filter>헤더 파일</Filter>
    </ClInclude>
    <ClInclude Include="HScrollBarRightClickAction.h">
      <Filter>헤더 파일</Filter>
    </ClInclude>
    <ClInclude Include="HScrollBarPageLeftAction.h">
      <Filter>헤더 파일</Filter>
    </ClInclude>
    <ClInclude Include="HScrollBarPageRightAction.h">
      <Filter>헤더 파일</Filter>
    </ClInclude>
    <ClInclude Include="HScrollBarDragAction.h">
      <Filter>헤더 파일</Filter>
    </ClInclude>
    <ClInclude Include="TextOutVisitor.h">
      <Filter>헤더 파일</Filter>
    </ClInclude>
    <ClInclude Include="Visitor.h">
      <Filter>헤더 파일</Filter>
    </ClInclude>
    <ClInclude Include="SelectionVisitor.h">
      <Filter>헤더 파일</Filter>
    </ClInclude>
    <ClInclude Include="ShiftLeftAction.h">
      <Filter>헤더 파일</Filter>
    </ClInclude>
    <ClInclude Include="ShiftRightAction.h">
      <Filter>헤더 파일</Filter>
    </ClInclude>
    <ClInclude Include="ShiftUpAction.h">
      <Filter>헤더 파일</Filter>
    </ClInclude>
    <ClInclude Include="ShiftDownAction.h">
      <Filter>헤더 파일</Filter>
    </ClInclude>
    <ClInclude Include="ShiftHomeAction.h">
      <Filter>헤더 파일</Filter>
    </ClInclude>
    <ClInclude Include="ShiftEndAction.h">
      <Filter>헤더 파일</Filter>
    </ClInclude>
    <ClInclude Include="CtrlShiftHomeAction.h">
      <Filter>헤더 파일</Filter>
    </ClInclude>
    <ClInclude Include="CtrlShiftEndAction.h">
      <Filter>헤더 파일</Filter>
    </ClInclude>
    <ClInclude Include="CtrlShiftLeftAction.h">
      <Filter>헤더 파일</Filter>
    </ClInclude>
    <ClInclude Include="CtrlShiftRightAction.h">
      <Filter>헤더 파일</Filter>
    </ClInclude>
    <ClInclude Include="ClipboardController.h">
      <Filter>헤더 파일</Filter>
    </ClInclude>
    <ClInclude Include="CtrlCAction.h">
      <Filter>헤더 파일</Filter>
    </ClInclude>
    <ClInclude Include="CtrlVAction.h">
      <Filter>헤더 파일</Filter>
    </ClInclude>
    <ClInclude Include="PasteCommand.h">
      <Filter>헤더 파일</Filter>
    </ClInclude>
    <ClInclude Include="Position.h">
      <Filter>헤더 파일</Filter>
    </ClInclude>
    <ClInclude Include="PagingBuffer.h">
      <Filter>헤더 파일</Filter>
    </ClInclude>
    <ClInclude Include="PageUpAction.h">
      <Filter>헤더 파일</Filter>
    </ClInclude>
    <ClInclude Include="PageDownAction.h">
      <Filter>헤더 파일</Filter>
    </ClInclude>
    <ClInclude Include="ByteChecker.h">
      <Filter>헤더 파일</Filter>
    </ClInclude>
    <ClInclude Include="EraseRangeCommand.h">
      <Filter>헤더 파일</Filter>
    </ClInclude>
    <ClInclude Include="FilePointerCalculator.h">
      <Filter>헤더 파일</Filter>
    </ClInclude>
    <ClInclude Include="PositionCalculator.h">
      <Filter>헤더 파일</Filter>
    </ClInclude>
    <ClInclude Include="MarkingHelper.h">
      <Filter>헤더 파일</Filter>
    </ClInclude>
    <ClInclude Include="CutCommand.h">
      <Filter>헤더 파일</Filter>
    </ClInclude>
    <ClInclude Include="CopyCommand.h">
      <Filter>헤더 파일</Filter>
    </ClInclude>
    <ClInclude Include="CtrlXAction.h">
      <Filter>헤더 파일</Filter>
    </ClInclude>
    <ClInclude Include="CtrlFAction.h">
      <Filter>헤더 파일</Filter>
    </ClInclude>
    <ClInclude Include="OpenFindDialogCommand.h">
      <Filter>헤더 파일</Filter>
    </ClInclude>
    <ClInclude Include="SearchingAlgorithm.h">
      <Filter>헤더 파일</Filter>
    </ClInclude>
    <ClInclude Include="BruteForce.h">
      <Filter>헤더 파일</Filter>
    </ClInclude>
    <ClInclude Include="Comparer.h">
      <Filter>헤더 파일</Filter>
    </ClInclude>
    <ClInclude Include="CaseSensitiveComparer.h">
      <Filter>헤더 파일</Filter>
    </ClInclude>
    <ClInclude Include="CaseInsensitiveComparer.h">
      <Filter>헤더 파일</Filter>
    </ClInclude>
    <ClInclude Include="SearchingAlgorithmFactory.h">
      <Filter>헤더 파일</Filter>
    </ClInclude>
    <ClInclude Include="FindCommand.h">
      <Filter>헤더 파일</Filter>
    </ClInclude>
    <ClInclude Include="SearchResult.h">
      <Filter>헤더 파일</Filter>
    </ClInclude>
    <ClInclude Include="SearchResultController.h">
      <Filter>헤더 파일</Filter>
    </ClInclude>
    <ClInclude Include="message.h">
      <Filter>헤더 파일</Filter>
    </ClInclude>
    <ClInclude Include="FindReplaceCommandFactory.h">
      <Filter>헤더 파일</Filter>
    </ClInclude>
    <ClInclude Include="FindNextCommand.h">
      <Filter>헤더 파일</Filter>
    </ClInclude>
    <ClInclude Include="BruteForceWhole.h">
      <Filter>헤더 파일</Filter>
    </ClInclude>
    <ClInclude Include="CloseFindReplaceCommand.h">
      <Filter>헤더 파일</Filter>
    </ClInclude>
    <ClInclude Include="FindReplaceOption.h">
      <Filter>헤더 파일</Filter>
    </ClInclude>
    <ClInclude Include="OpenReplaceDialogCommand.h">
      <Filter>헤더 파일</Filter>
    </ClInclude>
    <ClInclude Include="CtrlHAction.h">
      <Filter>헤더 파일</Filter>
    </ClInclude>
    <ClInclude Include="ReplaceCommand.h">
      <Filter>헤더 파일</Filter>
    </ClInclude>
    <ClInclude Include="ReplaceAllCommand.h">
      <Filter>헤더 파일</Filter>
    </ClInclude>
    <ClInclude Include="MacroCommand.h">
      <Filter>헤더 파일</Filter>
    </ClInclude>
    <ClInclude Include="HistoryBook.h">
      <Filter>헤더 파일</Filter>
    </ClInclude>
    <ClInclude Include="DropOldestStack.h">
      <Filter>헤더 파일</Filter>
    </ClInclude>
    <ClInclude Include="CtrlZAction.h">
      <Filter>헤더 파일</Filter>
    </ClInclude>
    <ClInclude Include="DateTime.h">
      <Filter>헤더 파일</Filter>
    </ClInclude>
    <ClInclude Include="CtrlYAction.h">
      <Filter>헤더 파일</Filter>
    </ClInclude>
    <ClInclude Include="UndoCommand.h">
      <Filter>헤더 파일</Filter>
    </ClInclude>
    <ClInclude Include="RedoCommand.h">
      <Filter>헤더 파일</Filter>
    </ClInclude>
    <ClInclude Include="PreviewCommand.h">
      <Filter>헤더 파일</Filter>
    </ClInclude>
    <ClInclude Include="PreviewForm.h">
      <Filter>헤더 파일</Filter>
    </ClInclude>
    <ClInclude Include="PaperCalculator.h">
      <Filter>헤더 파일</Filter>
    </ClInclude>
    <ClInclude Include="Paper.h">
      <Filter>헤더 파일</Filter>
    </ClInclude>
    <ClInclude Include="DpiScaler.h">
      <Filter>헤더 파일</Filter>
    </ClInclude>
    <ClInclude Include="AutoWrappingPolicy.h">
      <Filter>헤더 파일</Filter>
    </ClInclude>
    <ClInclude Include="MultiByteWrappingPolicy.h">
      <Filter>헤더 파일</Filter>
    </ClInclude>
    <ClInclude Include="SingleByteWrappingPolicy.h">
      <Filter>헤더 파일</Filter>
    </ClInclude>
    <ClInclude Include="LoadCommand.h">
      <Filter>헤더 파일</Filter>
    </ClInclude>
    <ClInclude Include="ScrollBarNecessityChecker.h">
      <Filter>헤더 파일</Filter>
    </ClInclude>
    <ClInclude Include="Scroll.h">
      <Filter>헤더 파일</Filter>
    </ClInclude>
    <ClInclude Include="ScrollController.h">
      <Filter>헤더 파일</Filter>
    </ClInclude>
    <ClInclude Include="UpArrowAction_Fixed.h">
      <Filter>헤더 파일</Filter>
    </ClInclude>
    <ClInclude Include="LoadNextCommand.h">
      <Filter>헤더 파일</Filter>
    </ClInclude>
    <ClInclude Include="LoadPreviousCommand.h">
      <Filter>헤더 파일</Filter>
    </ClInclude>
  </ItemGroup>
  <ItemGroup>
    <ClCompile Include="AutoWrapCommand.cpp">
      <Filter>소스 파일</Filter>
    </ClCompile>
    <ClCompile Include="BackspaceAction.cpp">
      <Filter>소스 파일</Filter>
    </ClCompile>
    <ClCompile Include="Caret.cpp">
      <Filter>소스 파일</Filter>
    </ClCompile>
    <ClCompile Include="CaretController.cpp">
      <Filter>소스 파일</Filter>
    </ClCompile>
    <ClCompile Include="Character.cpp">
      <Filter>소스 파일</Filter>
    </ClCompile>
    <ClCompile Include="Command.cpp">
      <Filter>소스 파일</Filter>
    </ClCompile>
    <ClCompile Include="CommandFactory.cpp">
      <Filter>소스 파일</Filter>
    </ClCompile>
    <ClCompile Include="Composite.cpp">
      <Filter>소스 파일</Filter>
    </ClCompile>
    <ClCompile Include="CtrlEndAction.cpp">
      <Filter>소스 파일</Filter>
    </ClCompile>
    <ClCompile Include="CtrlHomeAction.cpp">
      <Filter>소스 파일</Filter>
    </ClCompile>
    <ClCompile Include="CtrlLeftAction.cpp">
      <Filter>소스 파일</Filter>
    </ClCompile>
    <ClCompile Include="CtrlRightAction.cpp">
      <Filter>소스 파일</Filter>
    </ClCompile>
    <ClCompile Include="CtrlShiftTAction.cpp">
      <Filter>소스 파일</Filter>
    </ClCompile>
    <ClCompile Include="CtrlTAction.cpp">
      <Filter>소스 파일</Filter>
    </ClCompile>
    <ClCompile Include="DownArrowAction.cpp">
      <Filter>소스 파일</Filter>
    </ClCompile>
    <ClCompile Include="DummyRow.cpp">
      <Filter>소스 파일</Filter>
    </ClCompile>
    <ClCompile Include="EndAction.cpp">
      <Filter>소스 파일</Filter>
    </ClCompile>
    <ClCompile Include="EraseCommand.cpp">
      <Filter>소스 파일</Filter>
    </ClCompile>
    <ClCompile Include="Font.cpp">
      <Filter>소스 파일</Filter>
    </ClCompile>
    <ClCompile Include="Glyph.cpp">
      <Filter>소스 파일</Filter>
    </ClCompile>
    <ClCompile Include="GlyphFactory.cpp">
      <Filter>소스 파일</Filter>
    </ClCompile>
    <ClCompile Include="HomeAction.cpp">
      <Filter>소스 파일</Filter>
    </ClCompile>
    <ClCompile Include="InsertAtCaretCommand.cpp">
      <Filter>소스 파일</Filter>
    </ClCompile>
    <ClCompile Include="KeyAction.cpp">
      <Filter>소스 파일</Filter>
    </ClCompile>
    <ClCompile Include="KeyActionFactory.cpp">
      <Filter>소스 파일</Filter>
    </ClCompile>
    <ClCompile Include="LeftArrowAction.cpp">
      <Filter>소스 파일</Filter>
    </ClCompile>
    <ClCompile Include="MultiByteCharacter.cpp">
      <Filter>소스 파일</Filter>
    </ClCompile>
    <ClCompile Include="NewCommand.cpp">
      <Filter>소스 파일</Filter>
    </ClCompile>
    <ClCompile Include="Note.cpp">
      <Filter>소스 파일</Filter>
    </ClCompile>
    <ClCompile Include="NoteConverter.cpp">
      <Filter>소스 파일</Filter>
    </ClCompile>
    <ClCompile Include="NotepadForm.cpp">
      <Filter>소스 파일</Filter>
    </ClCompile>
    <ClCompile Include="NoteWrapper.cpp">
      <Filter>소스 파일</Filter>
    </ClCompile>
    <ClCompile Include="Observer.cpp">
      <Filter>소스 파일</Filter>
    </ClCompile>
    <ClCompile Include="OpenCommand.cpp">
      <Filter>소스 파일</Filter>
    </ClCompile>
    <ClCompile Include="RightArrowAction.cpp">
      <Filter>소스 파일</Filter>
    </ClCompile>
    <ClCompile Include="Row.cpp">
      <Filter>소스 파일</Filter>
    </ClCompile>
    <ClCompile Include="SaveCommand.cpp">
      <Filter>소스 파일</Filter>
    </ClCompile>
    <ClCompile Include="SelectFontCommand.cpp">
      <Filter>소스 파일</Filter>
    </ClCompile>
    <ClCompile Include="SingleByteCharacter.cpp">
      <Filter>소스 파일</Filter>
    </ClCompile>
    <ClCompile Include="SizeCalculator.cpp">
      <Filter>소스 파일</Filter>
    </ClCompile>
    <ClCompile Include="Subject.cpp">
      <Filter>소스 파일</Filter>
    </ClCompile>
    <ClCompile Include="UpArrowAction.cpp">
      <Filter>소스 파일</Filter>
    </ClCompile>
    <ClCompile Include="WriteAtEndCommand.cpp">
      <Filter>소스 파일</Filter>
    </ClCompile>
    <ClCompile Include="Action.cpp">
      <Filter>소스 파일</Filter>
    </ClCompile>
    <ClCompile Include="ScrollBarAction.cpp">
      <Filter>소스 파일</Filter>
    </ClCompile>
    <ClCompile Include="VScrollBarUpClickAction.cpp">
      <Filter>소스 파일</Filter>
    </ClCompile>
    <ClCompile Include="VScrollBarDownClickAction.cpp">
      <Filter>소스 파일</Filter>
    </ClCompile>
    <ClCompile Include="ScrollBarActionFactory.cpp">
      <Filter>소스 파일</Filter>
    </ClCompile>
    <ClCompile Include="VScrollBarPageUpAction.cpp">
      <Filter>소스 파일</Filter>
    </ClCompile>
    <ClCompile Include="VScrollBarPageDownAction.cpp">
      <Filter>소스 파일</Filter>
    </ClCompile>
    <ClCompile Include="VScrollBarDragAction.cpp">
      <Filter>소스 파일</Filter>
    </ClCompile>
    <ClCompile Include="HScrollBarLeftClickAction.cpp">
      <Filter>소스 파일</Filter>
    </ClCompile>
    <ClCompile Include="HScrollBarRightClickAction.cpp">
      <Filter>소스 파일</Filter>
    </ClCompile>
    <ClCompile Include="HScrollBarPageLeftAction.cpp">
      <Filter>소스 파일</Filter>
    </ClCompile>
    <ClCompile Include="HScrollBarPageRightAction.cpp">
      <Filter>소스 파일</Filter>
    </ClCompile>
    <ClCompile Include="HScrollBarDragAction.cpp">
      <Filter>소스 파일</Filter>
    </ClCompile>
    <ClCompile Include="TextOutVisitor.cpp">
      <Filter>소스 파일</Filter>
    </ClCompile>
    <ClCompile Include="SelectionVisitor.cpp">
      <Filter>소스 파일</Filter>
    </ClCompile>
    <ClCompile Include="Visitor.cpp">
      <Filter>소스 파일</Filter>
    </ClCompile>
    <ClCompile Include="ShiftLeftAction.cpp">
      <Filter>소스 파일</Filter>
    </ClCompile>
    <ClCompile Include="ShiftRightAction.cpp">
      <Filter>소스 파일</Filter>
    </ClCompile>
    <ClCompile Include="ShiftUpAction.cpp">
      <Filter>소스 파일</Filter>
    </ClCompile>
    <ClCompile Include="ShiftDownAction.cpp">
      <Filter>소스 파일</Filter>
    </ClCompile>
    <ClCompile Include="ShiftHomeAction.cpp">
      <Filter>소스 파일</Filter>
    </ClCompile>
    <ClCompile Include="ShiftEndAction.cpp">
      <Filter>소스 파일</Filter>
    </ClCompile>
    <ClCompile Include="CtrlShiftHomeAction.cpp">
      <Filter>소스 파일</Filter>
    </ClCompile>
    <ClCompile Include="CtrlShiftEndAction.cpp">
      <Filter>소스 파일</Filter>
    </ClCompile>
    <ClCompile Include="CtrlShiftLeftAction.cpp">
      <Filter>소스 파일</Filter>
    </ClCompile>
    <ClCompile Include="CtrlShiftRightAction.cpp">
      <Filter>소스 파일</Filter>
    </ClCompile>
    <ClCompile Include="ClipboardController.cpp">
      <Filter>소스 파일</Filter>
    </ClCompile>
    <ClCompile Include="CtrlCAction.cpp">
      <Filter>소스 파일</Filter>
    </ClCompile>
    <ClCompile Include="CtrlVAction.cpp">
      <Filter>소스 파일</Filter>
    </ClCompile>
    <ClCompile Include="PasteCommand.cpp">
      <Filter>소스 파일</Filter>
    </ClCompile>
    <ClCompile Include="Position.cpp">
      <Filter>소스 파일</Filter>
    </ClCompile>
    <ClCompile Include="PagingBuffer.cpp">
      <Filter>소스 파일</Filter>
    </ClCompile>
    <ClCompile Include="PageUpAction.cpp">
      <Filter>소스 파일</Filter>
    </ClCompile>
    <ClCompile Include="PageDownAction.cpp">
      <Filter>소스 파일</Filter>
    </ClCompile>
    <ClCompile Include="ByteChecker.cpp">
      <Filter>소스 파일</Filter>
    </ClCompile>
    <ClCompile Include="EraseRangeCommand.cpp">
      <Filter>소스 파일</Filter>
    </ClCompile>
    <ClCompile Include="FilePointerCalculator.cpp">
      <Filter>소스 파일</Filter>
    </ClCompile>
    <ClCompile Include="PositionCalculator.cpp">
      <Filter>소스 파일</Filter>
    </ClCompile>
    <ClCompile Include="MarkingHelper.cpp">
      <Filter>소스 파일</Filter>
    </ClCompile>
    <ClCompile Include="CutCommand.cpp">
      <Filter>소스 파일</Filter>
    </ClCompile>
    <ClCompile Include="CopyCommand.cpp">
      <Filter>소스 파일</Filter>
    </ClCompile>
    <ClCompile Include="CtrlXAction.cpp">
      <Filter>소스 파일</Filter>
    </ClCompile>
    <ClCompile Include="CtrlFAction.cpp">
      <Filter>소스 파일</Filter>
    </ClCompile>
    <ClCompile Include="OpenFindDialogCommand.cpp">
      <Filter>소스 파일</Filter>
    </ClCompile>
    <ClCompile Include="SearchingAlgorithm.cpp">
      <Filter>소스 파일</Filter>
    </ClCompile>
    <ClCompile Include="BruteForce.cpp">
      <Filter>소스 파일</Filter>
    </ClCompile>
    <ClCompile Include="Comparer.cpp">
      <Filter>소스 파일</Filter>
    </ClCompile>
    <ClCompile Include="CaseSensitiveComparer.cpp">
      <Filter>소스 파일</Filter>
    </ClCompile>
    <ClCompile Include="CaseInsensitiveComparer.cpp">
      <Filter>소스 파일</Filter>
    </ClCompile>
    <ClCompile Include="SearchingAlgorithmFactory.cpp">
      <Filter>소스 파일</Filter>
    </ClCompile>
    <ClCompile Include="FindCommand.cpp">
      <Filter>소스 파일</Filter>
    </ClCompile>
    <ClCompile Include="SearchResult.cpp">
      <Filter>소스 파일</Filter>
    </ClCompile>
    <ClCompile Include="SearchResultController.cpp">
      <Filter>소스 파일</Filter>
    </ClCompile>
    <ClCompile Include="FindReplaceCommandFactory.cpp">
      <Filter>소스 파일</Filter>
    </ClCompile>
    <ClCompile Include="FindNextCommand.cpp">
      <Filter>소스 파일</Filter>
    </ClCompile>
    <ClCompile Include="BruteForceWhole.cpp">
      <Filter>소스 파일</Filter>
    </ClCompile>
    <ClCompile Include="CloseFindReplaceCommand.cpp">
      <Filter>소스 파일</Filter>
    </ClCompile>
    <ClCompile Include="FindReplaceOption.cpp">
      <Filter>소스 파일</Filter>
    </ClCompile>
    <ClCompile Include="OpenReplaceDialogCommand.cpp">
      <Filter>소스 파일</Filter>
    </ClCompile>
    <ClCompile Include="CtrlHAction.cpp">
      <Filter>소스 파일</Filter>
    </ClCompile>
    <ClCompile Include="ReplaceCommand.cpp">
      <Filter>소스 파일</Filter>
    </ClCompile>
    <ClCompile Include="ReplaceAllCommand.cpp">
      <Filter>소스 파일</Filter>
    </ClCompile>
    <ClCompile Include="MacroCommand.cpp">
      <Filter>소스 파일</Filter>
    </ClCompile>
    <ClCompile Include="HistoryBook.cpp">
      <Filter>소스 파일</Filter>
    </ClCompile>
    <ClCompile Include="CtrlZAction.cpp">
      <Filter>소스 파일</Filter>
    </ClCompile>
    <ClCompile Include="DateTime.cpp">
      <Filter>소스 파일</Filter>
    </ClCompile>
    <ClCompile Include="CtrlYAction.cpp">
      <Filter>소스 파일</Filter>
    </ClCompile>
    <ClCompile Include="UndoCommand.cpp">
      <Filter>소스 파일</Filter>
    </ClCompile>
    <ClCompile Include="RedoCommand.cpp">
      <Filter>소스 파일</Filter>
    </ClCompile>
    <ClCompile Include="PreviewCommand.cpp">
      <Filter>소스 파일</Filter>
    </ClCompile>
    <ClCompile Include="PreviewForm.cpp">
      <Filter>소스 파일</Filter>
    </ClCompile>
    <ClCompile Include="PaperCalculator.cpp">
      <Filter>소스 파일</Filter>
    </ClCompile>
    <ClCompile Include="Paper.cpp">
      <Filter>소스 파일</Filter>
    </ClCompile>
    <ClCompile Include="DpiScaler.cpp">
      <Filter>소스 파일</Filter>
    </ClCompile>
    <ClCompile Include="AutoWrappingPolicy.cpp">
      <Filter>소스 파일</Filter>
    </ClCompile>
    <ClCompile Include="MultiByteWrappingPolicy.cpp">
      <Filter>소스 파일</Filter>
    </ClCompile>
    <ClCompile Include="SingleByteWrappingPolicy.cpp">
      <Filter>소스 파일</Filter>
    </ClCompile>
    <ClCompile Include="LoadCommand.cpp">
      <Filter>소스 파일</Filter>
    </ClCompile>
    <ClCompile Include="ScrollBarNecessityChecker.cpp">
      <Filter>소스 파일</Filter>
    </ClCompile>
    <ClCompile Include="Scroll.cpp">
      <Filter>소스 파일</Filter>
    </ClCompile>
    <ClCompile Include="ScrollController.cpp">
      <Filter>소스 파일</Filter>
    </ClCompile>
    <ClCompile Include="UpArrowAction_Fixed.cpp">
      <Filter>소스 파일</Filter>
    </ClCompile>
    <ClCompile Include="LoadNextCommand.cpp">
      <Filter>소스 파일</Filter>
    </ClCompile>
    <ClCompile Include="LoadPreviousCommand.cpp">
      <Filter>소스 파일</Filter>
    </ClCompile>
  </ItemGroup>
</Project>